// !$*UTF8*$!
{
	archiveVersion = 1;
	classes = {
	};
	objectVersion = 46;
	objects = {

/* Begin PBXBuildFile section */
		2611F1B71CF322A30027EB70 /* LICENSE.txt in Resources */ = {isa = PBXBuildFile; fileRef = 2611F1AC1CF322A30027EB70 /* LICENSE.txt */; };
		2611F1B81CF322A30027EB70 /* RobotoMono-Bold.ttf in Resources */ = {isa = PBXBuildFile; fileRef = 2611F1AD1CF322A30027EB70 /* RobotoMono-Bold.ttf */; };
		2611F1B91CF322A30027EB70 /* RobotoMono-BoldItalic.ttf in Resources */ = {isa = PBXBuildFile; fileRef = 2611F1AE1CF322A30027EB70 /* RobotoMono-BoldItalic.ttf */; };
		2611F1BA1CF322A30027EB70 /* RobotoMono-Italic.ttf in Resources */ = {isa = PBXBuildFile; fileRef = 2611F1AF1CF322A30027EB70 /* RobotoMono-Italic.ttf */; };
		2611F1BB1CF322A30027EB70 /* RobotoMono-Light.ttf in Resources */ = {isa = PBXBuildFile; fileRef = 2611F1B01CF322A30027EB70 /* RobotoMono-Light.ttf */; };
		2611F1BC1CF322A30027EB70 /* RobotoMono-LightItalic.ttf in Resources */ = {isa = PBXBuildFile; fileRef = 2611F1B11CF322A30027EB70 /* RobotoMono-LightItalic.ttf */; };
		2611F1BD1CF322A30027EB70 /* RobotoMono-Medium.ttf in Resources */ = {isa = PBXBuildFile; fileRef = 2611F1B21CF322A30027EB70 /* RobotoMono-Medium.ttf */; };
		2611F1BE1CF322A30027EB70 /* RobotoMono-MediumItalic.ttf in Resources */ = {isa = PBXBuildFile; fileRef = 2611F1B31CF322A30027EB70 /* RobotoMono-MediumItalic.ttf */; };
		2611F1BF1CF322A30027EB70 /* RobotoMono-Regular.ttf in Resources */ = {isa = PBXBuildFile; fileRef = 2611F1B41CF322A30027EB70 /* RobotoMono-Regular.ttf */; };
		2611F1C01CF322A30027EB70 /* RobotoMono-Thin.ttf in Resources */ = {isa = PBXBuildFile; fileRef = 2611F1B51CF322A30027EB70 /* RobotoMono-Thin.ttf */; };
		2611F1C11CF322A30027EB70 /* RobotoMono-ThinItalic.ttf in Resources */ = {isa = PBXBuildFile; fileRef = 2611F1B61CF322A30027EB70 /* RobotoMono-ThinItalic.ttf */; };
		2611F1C31CF329810027EB70 /* HistoryViewController.swift in Sources */ = {isa = PBXBuildFile; fileRef = 2611F1C21CF329810027EB70 /* HistoryViewController.swift */; };
		2611F1C51CF4330E0027EB70 /* TrackingViewController.swift in Sources */ = {isa = PBXBuildFile; fileRef = 2611F1C41CF4330E0027EB70 /* TrackingViewController.swift */; };
		2611F1C71CF5940F0027EB70 /* StatisticViewController.swift in Sources */ = {isa = PBXBuildFile; fileRef = 2611F1C61CF5940F0027EB70 /* StatisticViewController.swift */; };
		267386921CF2C8D9000D53E3 /* AppDelegate.swift in Sources */ = {isa = PBXBuildFile; fileRef = 267386911CF2C8D9000D53E3 /* AppDelegate.swift */; };
		267386971CF2C8D9000D53E3 /* Main.storyboard in Resources */ = {isa = PBXBuildFile; fileRef = 267386951CF2C8D9000D53E3 /* Main.storyboard */; };
		2673869A1CF2C8D9000D53E3 /* Mr_Ride.xcdatamodeld in Sources */ = {isa = PBXBuildFile; fileRef = 267386981CF2C8D9000D53E3 /* Mr_Ride.xcdatamodeld */; };
		2673869C1CF2C8D9000D53E3 /* Assets.xcassets in Resources */ = {isa = PBXBuildFile; fileRef = 2673869B1CF2C8D9000D53E3 /* Assets.xcassets */; };
		2673869F1CF2C8D9000D53E3 /* LaunchScreen.storyboard in Resources */ = {isa = PBXBuildFile; fileRef = 2673869D1CF2C8D9000D53E3 /* LaunchScreen.storyboard */; };
		267386B71CF2FD66000D53E3 /* HomePageViewController.swift in Sources */ = {isa = PBXBuildFile; fileRef = 267386B51CF2FD66000D53E3 /* HomePageViewController.swift */; };
		267386B81CF2FD66000D53E3 /* SideBarViewController.swift in Sources */ = {isa = PBXBuildFile; fileRef = 267386B61CF2FD66000D53E3 /* SideBarViewController.swift */; };
		267386BC1CF30309000D53E3 /* UIColor+MRAdditions.swift in Sources */ = {isa = PBXBuildFile; fileRef = 267386B91CF30309000D53E3 /* UIColor+MRAdditions.swift */; };
		267386BD1CF30309000D53E3 /* UIFont+MRAdditions.swift in Sources */ = {isa = PBXBuildFile; fileRef = 267386BA1CF30309000D53E3 /* UIFont+MRAdditions.swift */; };
		26C5F787599AB326EB65A70C /* Pods_Mr_Ride.framework in Frameworks */ = {isa = PBXBuildFile; fileRef = CD8A82676C4E43B58C08284D /* Pods_Mr_Ride.framework */; };
/* End PBXBuildFile section */

/* Begin PBXFileReference section */
		2611F1AC1CF322A30027EB70 /* LICENSE.txt */ = {isa = PBXFileReference; fileEncoding = 4; lastKnownFileType = text; path = LICENSE.txt; sourceTree = "<group>"; };
		2611F1AD1CF322A30027EB70 /* RobotoMono-Bold.ttf */ = {isa = PBXFileReference; lastKnownFileType = file; path = "RobotoMono-Bold.ttf"; sourceTree = "<group>"; };
		2611F1AE1CF322A30027EB70 /* RobotoMono-BoldItalic.ttf */ = {isa = PBXFileReference; lastKnownFileType = file; path = "RobotoMono-BoldItalic.ttf"; sourceTree = "<group>"; };
		2611F1AF1CF322A30027EB70 /* RobotoMono-Italic.ttf */ = {isa = PBXFileReference; lastKnownFileType = file; path = "RobotoMono-Italic.ttf"; sourceTree = "<group>"; };
		2611F1B01CF322A30027EB70 /* RobotoMono-Light.ttf */ = {isa = PBXFileReference; lastKnownFileType = file; path = "RobotoMono-Light.ttf"; sourceTree = "<group>"; };
		2611F1B11CF322A30027EB70 /* RobotoMono-LightItalic.ttf */ = {isa = PBXFileReference; lastKnownFileType = file; path = "RobotoMono-LightItalic.ttf"; sourceTree = "<group>"; };
		2611F1B21CF322A30027EB70 /* RobotoMono-Medium.ttf */ = {isa = PBXFileReference; lastKnownFileType = file; path = "RobotoMono-Medium.ttf"; sourceTree = "<group>"; };
		2611F1B31CF322A30027EB70 /* RobotoMono-MediumItalic.ttf */ = {isa = PBXFileReference; lastKnownFileType = file; path = "RobotoMono-MediumItalic.ttf"; sourceTree = "<group>"; };
		2611F1B41CF322A30027EB70 /* RobotoMono-Regular.ttf */ = {isa = PBXFileReference; lastKnownFileType = file; path = "RobotoMono-Regular.ttf"; sourceTree = "<group>"; };
		2611F1B51CF322A30027EB70 /* RobotoMono-Thin.ttf */ = {isa = PBXFileReference; lastKnownFileType = file; path = "RobotoMono-Thin.ttf"; sourceTree = "<group>"; };
		2611F1B61CF322A30027EB70 /* RobotoMono-ThinItalic.ttf */ = {isa = PBXFileReference; lastKnownFileType = file; path = "RobotoMono-ThinItalic.ttf"; sourceTree = "<group>"; };
		2611F1C21CF329810027EB70 /* HistoryViewController.swift */ = {isa = PBXFileReference; fileEncoding = 4; lastKnownFileType = sourcecode.swift; path = HistoryViewController.swift; sourceTree = "<group>"; };
		2611F1C41CF4330E0027EB70 /* TrackingViewController.swift */ = {isa = PBXFileReference; fileEncoding = 4; lastKnownFileType = sourcecode.swift; path = TrackingViewController.swift; sourceTree = "<group>"; };
		2611F1C61CF5940F0027EB70 /* StatisticViewController.swift */ = {isa = PBXFileReference; fileEncoding = 4; lastKnownFileType = sourcecode.swift; path = StatisticViewController.swift; sourceTree = "<group>"; };
		2673868E1CF2C8D9000D53E3 /* Mr Ride.app */ = {isa = PBXFileReference; explicitFileType = wrapper.application; includeInIndex = 0; path = "Mr Ride.app"; sourceTree = BUILT_PRODUCTS_DIR; };
		267386911CF2C8D9000D53E3 /* AppDelegate.swift */ = {isa = PBXFileReference; lastKnownFileType = sourcecode.swift; path = AppDelegate.swift; sourceTree = "<group>"; };
		267386961CF2C8D9000D53E3 /* Base */ = {isa = PBXFileReference; lastKnownFileType = file.storyboard; name = Base; path = Base.lproj/Main.storyboard; sourceTree = "<group>"; };
		267386991CF2C8D9000D53E3 /* Mr_Ride.xcdatamodel */ = {isa = PBXFileReference; lastKnownFileType = wrapper.xcdatamodel; path = Mr_Ride.xcdatamodel; sourceTree = "<group>"; };
		2673869B1CF2C8D9000D53E3 /* Assets.xcassets */ = {isa = PBXFileReference; lastKnownFileType = folder.assetcatalog; path = Assets.xcassets; sourceTree = "<group>"; };
		2673869E1CF2C8D9000D53E3 /* Base */ = {isa = PBXFileReference; lastKnownFileType = file.storyboard; name = Base; path = Base.lproj/LaunchScreen.storyboard; sourceTree = "<group>"; };
		267386A01CF2C8D9000D53E3 /* Info.plist */ = {isa = PBXFileReference; lastKnownFileType = text.plist.xml; path = Info.plist; sourceTree = "<group>"; };
		267386B31CF2EB9E000D53E3 /* Mr Ride-Bridging-Header.h */ = {isa = PBXFileReference; fileEncoding = 4; lastKnownFileType = sourcecode.c.h; path = "Mr Ride-Bridging-Header.h"; sourceTree = "<group>"; };
		267386B51CF2FD66000D53E3 /* HomePageViewController.swift */ = {isa = PBXFileReference; fileEncoding = 4; lastKnownFileType = sourcecode.swift; path = HomePageViewController.swift; sourceTree = "<group>"; };
		267386B61CF2FD66000D53E3 /* SideBarViewController.swift */ = {isa = PBXFileReference; fileEncoding = 4; lastKnownFileType = sourcecode.swift; path = SideBarViewController.swift; sourceTree = "<group>"; };
		267386B91CF30309000D53E3 /* UIColor+MRAdditions.swift */ = {isa = PBXFileReference; fileEncoding = 4; lastKnownFileType = sourcecode.swift; path = "UIColor+MRAdditions.swift"; sourceTree = "<group>"; };
		267386BA1CF30309000D53E3 /* UIFont+MRAdditions.swift */ = {isa = PBXFileReference; fileEncoding = 4; lastKnownFileType = sourcecode.swift; path = "UIFont+MRAdditions.swift"; sourceTree = "<group>"; };
		7E5AF3C427FCBD3F5E8A5DD6 /* Pods-Mr Ride.debug.xcconfig */ = {isa = PBXFileReference; includeInIndex = 1; lastKnownFileType = text.xcconfig; name = "Pods-Mr Ride.debug.xcconfig"; path = "Pods/Target Support Files/Pods-Mr Ride/Pods-Mr Ride.debug.xcconfig"; sourceTree = "<group>"; };
		90E2BFEAFCF53D325FD4BE7F /* Pods-Mr Ride.release.xcconfig */ = {isa = PBXFileReference; includeInIndex = 1; lastKnownFileType = text.xcconfig; name = "Pods-Mr Ride.release.xcconfig"; path = "Pods/Target Support Files/Pods-Mr Ride/Pods-Mr Ride.release.xcconfig"; sourceTree = "<group>"; };
		CD8A82676C4E43B58C08284D /* Pods_Mr_Ride.framework */ = {isa = PBXFileReference; explicitFileType = wrapper.framework; includeInIndex = 0; path = Pods_Mr_Ride.framework; sourceTree = BUILT_PRODUCTS_DIR; };
/* End PBXFileReference section */

/* Begin PBXFrameworksBuildPhase section */
		2673868B1CF2C8D9000D53E3 /* Frameworks */ = {
			isa = PBXFrameworksBuildPhase;
			buildActionMask = 2147483647;
			files = (
				26C5F787599AB326EB65A70C /* Pods_Mr_Ride.framework in Frameworks */,
			);
			runOnlyForDeploymentPostprocessing = 0;
		};
/* End PBXFrameworksBuildPhase section */

/* Begin PBXGroup section */
		2611F1AB1CF322A30027EB70 /* Roboto_Mono */ = {
			isa = PBXGroup;
			children = (
				2611F1AC1CF322A30027EB70 /* LICENSE.txt */,
				2611F1AD1CF322A30027EB70 /* RobotoMono-Bold.ttf */,
				2611F1AE1CF322A30027EB70 /* RobotoMono-BoldItalic.ttf */,
				2611F1AF1CF322A30027EB70 /* RobotoMono-Italic.ttf */,
				2611F1B01CF322A30027EB70 /* RobotoMono-Light.ttf */,
				2611F1B11CF322A30027EB70 /* RobotoMono-LightItalic.ttf */,
				2611F1B21CF322A30027EB70 /* RobotoMono-Medium.ttf */,
				2611F1B31CF322A30027EB70 /* RobotoMono-MediumItalic.ttf */,
				2611F1B41CF322A30027EB70 /* RobotoMono-Regular.ttf */,
				2611F1B51CF322A30027EB70 /* RobotoMono-Thin.ttf */,
				2611F1B61CF322A30027EB70 /* RobotoMono-ThinItalic.ttf */,
			);
			path = Roboto_Mono;
			sourceTree = "<group>";
		};
		267386851CF2C8D9000D53E3 = {
			isa = PBXGroup;
			children = (
				267386901CF2C8D9000D53E3 /* Mr Ride */,
				2673868F1CF2C8D9000D53E3 /* Products */,
				B9CD77EA5F7EC30B27D8D7E1 /* Pods */,
				2F56BBD29AA6335F16D06177 /* Frameworks */,
			);
			sourceTree = "<group>";
		};
		2673868F1CF2C8D9000D53E3 /* Products */ = {
			isa = PBXGroup;
			children = (
				2673868E1CF2C8D9000D53E3 /* Mr Ride.app */,
			);
			name = Products;
			sourceTree = "<group>";
		};
		267386901CF2C8D9000D53E3 /* Mr Ride */ = {
			isa = PBXGroup;
			children = (
				267386B31CF2EB9E000D53E3 /* Mr Ride-Bridging-Header.h */,
				267386911CF2C8D9000D53E3 /* AppDelegate.swift */,
				267386951CF2C8D9000D53E3 /* Main.storyboard */,
				267386B41CF2FD66000D53E3 /* Controllers */,
				267386BB1CF30309000D53E3 /* Utilities */,
				2673869B1CF2C8D9000D53E3 /* Assets.xcassets */,
				2673869D1CF2C8D9000D53E3 /* LaunchScreen.storyboard */,
				267386A01CF2C8D9000D53E3 /* Info.plist */,
				267386981CF2C8D9000D53E3 /* Mr_Ride.xcdatamodeld */,
			);
			path = "Mr Ride";
			sourceTree = "<group>";
		};
		267386B41CF2FD66000D53E3 /* Controllers */ = {
			isa = PBXGroup;
			children = (
				2611F1C61CF5940F0027EB70 /* StatisticViewController.swift */,
				2611F1C41CF4330E0027EB70 /* TrackingViewController.swift */,
				2611F1C21CF329810027EB70 /* HistoryViewController.swift */,
				267386B51CF2FD66000D53E3 /* HomePageViewController.swift */,
				267386B61CF2FD66000D53E3 /* SideBarViewController.swift */,
			);
			path = Controllers;
			sourceTree = "<group>";
		};
		267386BB1CF30309000D53E3 /* Utilities */ = {
			isa = PBXGroup;
			children = (
				2611F1AB1CF322A30027EB70 /* Roboto_Mono */,
				267386B91CF30309000D53E3 /* UIColor+MRAdditions.swift */,
				267386BA1CF30309000D53E3 /* UIFont+MRAdditions.swift */,
			);
			path = Utilities;
			sourceTree = "<group>";
		};
		2F56BBD29AA6335F16D06177 /* Frameworks */ = {
			isa = PBXGroup;
			children = (
				CD8A82676C4E43B58C08284D /* Pods_Mr_Ride.framework */,
			);
			name = Frameworks;
			sourceTree = "<group>";
		};
		B9CD77EA5F7EC30B27D8D7E1 /* Pods */ = {
			isa = PBXGroup;
			children = (
				7E5AF3C427FCBD3F5E8A5DD6 /* Pods-Mr Ride.debug.xcconfig */,
				90E2BFEAFCF53D325FD4BE7F /* Pods-Mr Ride.release.xcconfig */,
			);
			name = Pods;
			sourceTree = "<group>";
		};
/* End PBXGroup section */

/* Begin PBXNativeTarget section */
		2673868D1CF2C8D9000D53E3 /* Mr Ride */ = {
			isa = PBXNativeTarget;
			buildConfigurationList = 267386A31CF2C8D9000D53E3 /* Build configuration list for PBXNativeTarget "Mr Ride" */;
			buildPhases = (
				41577F39BE3693BD505C80CC /* 📦 Check Pods Manifest.lock */,
				2673868A1CF2C8D9000D53E3 /* Sources */,
				2673868B1CF2C8D9000D53E3 /* Frameworks */,
				2673868C1CF2C8D9000D53E3 /* Resources */,
				FB7970DDB49EB38E7BCC9500 /* 📦 Embed Pods Frameworks */,
				6934C36AA54AEABE6529817D /* 📦 Copy Pods Resources */,
			);
			buildRules = (
			);
			dependencies = (
			);
			name = "Mr Ride";
			productName = "Mr Ride";
			productReference = 2673868E1CF2C8D9000D53E3 /* Mr Ride.app */;
			productType = "com.apple.product-type.application";
		};
/* End PBXNativeTarget section */

/* Begin PBXProject section */
		267386861CF2C8D9000D53E3 /* Project object */ = {
			isa = PBXProject;
			attributes = {
				LastSwiftUpdateCheck = 0730;
				LastUpgradeCheck = 0730;
				ORGANIZATIONNAME = "AppWorks School Sarah Lee";
				TargetAttributes = {
					2673868D1CF2C8D9000D53E3 = {
						CreatedOnToolsVersion = 7.3.1;
						DevelopmentTeam = HD873D5K6H;
					};
				};
			};
			buildConfigurationList = 267386891CF2C8D9000D53E3 /* Build configuration list for PBXProject "Mr Ride" */;
			compatibilityVersion = "Xcode 3.2";
			developmentRegion = English;
			hasScannedForEncodings = 0;
			knownRegions = (
				en,
				Base,
			);
			mainGroup = 267386851CF2C8D9000D53E3;
			productRefGroup = 2673868F1CF2C8D9000D53E3 /* Products */;
			projectDirPath = "";
			projectRoot = "";
			targets = (
				2673868D1CF2C8D9000D53E3 /* Mr Ride */,
			);
		};
/* End PBXProject section */

/* Begin PBXResourcesBuildPhase section */
		2673868C1CF2C8D9000D53E3 /* Resources */ = {
			isa = PBXResourcesBuildPhase;
			buildActionMask = 2147483647;
			files = (
				2611F1BA1CF322A30027EB70 /* RobotoMono-Italic.ttf in Resources */,
				2611F1BE1CF322A30027EB70 /* RobotoMono-MediumItalic.ttf in Resources */,
				2611F1B71CF322A30027EB70 /* LICENSE.txt in Resources */,
				2611F1B91CF322A30027EB70 /* RobotoMono-BoldItalic.ttf in Resources */,
				2611F1BB1CF322A30027EB70 /* RobotoMono-Light.ttf in Resources */,
				2611F1B81CF322A30027EB70 /* RobotoMono-Bold.ttf in Resources */,
				2611F1BC1CF322A30027EB70 /* RobotoMono-LightItalic.ttf in Resources */,
				2673869F1CF2C8D9000D53E3 /* LaunchScreen.storyboard in Resources */,
				2673869C1CF2C8D9000D53E3 /* Assets.xcassets in Resources */,
				267386971CF2C8D9000D53E3 /* Main.storyboard in Resources */,
				2611F1BD1CF322A30027EB70 /* RobotoMono-Medium.ttf in Resources */,
				2611F1BF1CF322A30027EB70 /* RobotoMono-Regular.ttf in Resources */,
				2611F1C01CF322A30027EB70 /* RobotoMono-Thin.ttf in Resources */,
				2611F1C11CF322A30027EB70 /* RobotoMono-ThinItalic.ttf in Resources */,
			);
			runOnlyForDeploymentPostprocessing = 0;
		};
/* End PBXResourcesBuildPhase section */

/* Begin PBXShellScriptBuildPhase section */
		41577F39BE3693BD505C80CC /* 📦 Check Pods Manifest.lock */ = {
			isa = PBXShellScriptBuildPhase;
			buildActionMask = 2147483647;
			files = (
			);
			inputPaths = (
			);
			name = "📦 Check Pods Manifest.lock";
			outputPaths = (
			);
			runOnlyForDeploymentPostprocessing = 0;
			shellPath = /bin/sh;
			shellScript = "diff \"${PODS_ROOT}/../Podfile.lock\" \"${PODS_ROOT}/Manifest.lock\" > /dev/null\nif [[ $? != 0 ]] ; then\n    cat << EOM\nerror: The sandbox is not in sync with the Podfile.lock. Run 'pod install' or update your CocoaPods installation.\nEOM\n    exit 1\nfi\n";
			showEnvVarsInLog = 0;
		};
		6934C36AA54AEABE6529817D /* 📦 Copy Pods Resources */ = {
			isa = PBXShellScriptBuildPhase;
			buildActionMask = 2147483647;
			files = (
			);
			inputPaths = (
			);
			name = "📦 Copy Pods Resources";
			outputPaths = (
			);
			runOnlyForDeploymentPostprocessing = 0;
			shellPath = /bin/sh;
			shellScript = "\"${SRCROOT}/Pods/Target Support Files/Pods-Mr Ride/Pods-Mr Ride-resources.sh\"\n";
			showEnvVarsInLog = 0;
		};
		FB7970DDB49EB38E7BCC9500 /* 📦 Embed Pods Frameworks */ = {
			isa = PBXShellScriptBuildPhase;
			buildActionMask = 2147483647;
			files = (
			);
			inputPaths = (
			);
			name = "📦 Embed Pods Frameworks";
			outputPaths = (
			);
			runOnlyForDeploymentPostprocessing = 0;
			shellPath = /bin/sh;
			shellScript = "\"${SRCROOT}/Pods/Target Support Files/Pods-Mr Ride/Pods-Mr Ride-frameworks.sh\"\n";
			showEnvVarsInLog = 0;
		};
/* End PBXShellScriptBuildPhase section */

/* Begin PBXSourcesBuildPhase section */
		2673868A1CF2C8D9000D53E3 /* Sources */ = {
			isa = PBXSourcesBuildPhase;
			buildActionMask = 2147483647;
			files = (
				2673869A1CF2C8D9000D53E3 /* Mr_Ride.xcdatamodeld in Sources */,
				2611F1C51CF4330E0027EB70 /* TrackingViewController.swift in Sources */,
				267386BD1CF30309000D53E3 /* UIFont+MRAdditions.swift in Sources */,
				267386921CF2C8D9000D53E3 /* AppDelegate.swift in Sources */,
				267386B71CF2FD66000D53E3 /* HomePageViewController.swift in Sources */,
				267386B81CF2FD66000D53E3 /* SideBarViewController.swift in Sources */,
				2611F1C71CF5940F0027EB70 /* StatisticViewController.swift in Sources */,
				2611F1C31CF329810027EB70 /* HistoryViewController.swift in Sources */,
				267386BC1CF30309000D53E3 /* UIColor+MRAdditions.swift in Sources */,
			);
			runOnlyForDeploymentPostprocessing = 0;
		};
/* End PBXSourcesBuildPhase section */

/* Begin PBXVariantGroup section */
		267386951CF2C8D9000D53E3 /* Main.storyboard */ = {
			isa = PBXVariantGroup;
			children = (
				267386961CF2C8D9000D53E3 /* Base */,
			);
			name = Main.storyboard;
			sourceTree = "<group>";
		};
		2673869D1CF2C8D9000D53E3 /* LaunchScreen.storyboard */ = {
			isa = PBXVariantGroup;
			children = (
				2673869E1CF2C8D9000D53E3 /* Base */,
			);
			name = LaunchScreen.storyboard;
			sourceTree = "<group>";
		};
/* End PBXVariantGroup section */

/* Begin XCBuildConfiguration section */
		267386A11CF2C8D9000D53E3 /* Debug */ = {
			isa = XCBuildConfiguration;
			buildSettings = {
				ALWAYS_SEARCH_USER_PATHS = NO;
				CLANG_ANALYZER_NONNULL = YES;
				CLANG_CXX_LANGUAGE_STANDARD = "gnu++0x";
				CLANG_CXX_LIBRARY = "libc++";
				CLANG_ENABLE_MODULES = YES;
				CLANG_ENABLE_OBJC_ARC = YES;
				CLANG_WARN_BOOL_CONVERSION = YES;
				CLANG_WARN_CONSTANT_CONVERSION = YES;
				CLANG_WARN_DIRECT_OBJC_ISA_USAGE = YES_ERROR;
				CLANG_WARN_EMPTY_BODY = YES;
				CLANG_WARN_ENUM_CONVERSION = YES;
				CLANG_WARN_INT_CONVERSION = YES;
				CLANG_WARN_OBJC_ROOT_CLASS = YES_ERROR;
				CLANG_WARN_UNREACHABLE_CODE = YES;
				CLANG_WARN__DUPLICATE_METHOD_MATCH = YES;
				"CODE_SIGN_IDENTITY[sdk=iphoneos*]" = "iPhone Developer";
				COPY_PHASE_STRIP = NO;
				DEBUG_INFORMATION_FORMAT = dwarf;
				ENABLE_STRICT_OBJC_MSGSEND = YES;
				ENABLE_TESTABILITY = YES;
				GCC_C_LANGUAGE_STANDARD = gnu99;
				GCC_DYNAMIC_NO_PIC = NO;
				GCC_NO_COMMON_BLOCKS = YES;
				GCC_OPTIMIZATION_LEVEL = 0;
				GCC_PREPROCESSOR_DEFINITIONS = (
					"DEBUG=1",
					"$(inherited)",
				);
				GCC_WARN_64_TO_32_BIT_CONVERSION = YES;
				GCC_WARN_ABOUT_RETURN_TYPE = YES_ERROR;
				GCC_WARN_UNDECLARED_SELECTOR = YES;
				GCC_WARN_UNINITIALIZED_AUTOS = YES_AGGRESSIVE;
				GCC_WARN_UNUSED_FUNCTION = YES;
				GCC_WARN_UNUSED_VARIABLE = YES;
				IPHONEOS_DEPLOYMENT_TARGET = 9.3;
				MTL_ENABLE_DEBUG_INFO = YES;
				ONLY_ACTIVE_ARCH = YES;
				SDKROOT = iphoneos;
				SWIFT_OPTIMIZATION_LEVEL = "-Onone";
			};
			name = Debug;
		};
		267386A21CF2C8D9000D53E3 /* Release */ = {
			isa = XCBuildConfiguration;
			buildSettings = {
				ALWAYS_SEARCH_USER_PATHS = NO;
				CLANG_ANALYZER_NONNULL = YES;
				CLANG_CXX_LANGUAGE_STANDARD = "gnu++0x";
				CLANG_CXX_LIBRARY = "libc++";
				CLANG_ENABLE_MODULES = YES;
				CLANG_ENABLE_OBJC_ARC = YES;
				CLANG_WARN_BOOL_CONVERSION = YES;
				CLANG_WARN_CONSTANT_CONVERSION = YES;
				CLANG_WARN_DIRECT_OBJC_ISA_USAGE = YES_ERROR;
				CLANG_WARN_EMPTY_BODY = YES;
				CLANG_WARN_ENUM_CONVERSION = YES;
				CLANG_WARN_INT_CONVERSION = YES;
				CLANG_WARN_OBJC_ROOT_CLASS = YES_ERROR;
				CLANG_WARN_UNREACHABLE_CODE = YES;
				CLANG_WARN__DUPLICATE_METHOD_MATCH = YES;
				"CODE_SIGN_IDENTITY[sdk=iphoneos*]" = "iPhone Developer";
				COPY_PHASE_STRIP = NO;
				DEBUG_INFORMATION_FORMAT = "dwarf-with-dsym";
				ENABLE_NS_ASSERTIONS = NO;
				ENABLE_STRICT_OBJC_MSGSEND = YES;
				GCC_C_LANGUAGE_STANDARD = gnu99;
				GCC_NO_COMMON_BLOCKS = YES;
				GCC_WARN_64_TO_32_BIT_CONVERSION = YES;
				GCC_WARN_ABOUT_RETURN_TYPE = YES_ERROR;
				GCC_WARN_UNDECLARED_SELECTOR = YES;
				GCC_WARN_UNINITIALIZED_AUTOS = YES_AGGRESSIVE;
				GCC_WARN_UNUSED_FUNCTION = YES;
				GCC_WARN_UNUSED_VARIABLE = YES;
				IPHONEOS_DEPLOYMENT_TARGET = 9.3;
				MTL_ENABLE_DEBUG_INFO = NO;
				SDKROOT = iphoneos;
				VALIDATE_PRODUCT = YES;
			};
			name = Release;
		};
		267386A41CF2C8D9000D53E3 /* Debug */ = {
			isa = XCBuildConfiguration;
			baseConfigurationReference = 7E5AF3C427FCBD3F5E8A5DD6 /* Pods-Mr Ride.debug.xcconfig */;
			buildSettings = {
				ASSETCATALOG_COMPILER_APPICON_NAME = AppIcon;
				CLANG_ENABLE_MODULES = YES;
				INFOPLIST_FILE = "Mr Ride/Info.plist";
				LD_RUNPATH_SEARCH_PATHS = "$(inherited) @executable_path/Frameworks";
				PRODUCT_BUNDLE_IDENTIFIER = "com.appworks-school-sarahlee.Mr-Ride";
				PRODUCT_NAME = "$(TARGET_NAME)";
				SWIFT_OBJC_BRIDGING_HEADER = "Mr Ride/Mr Ride-Bridging-Header.h";
				SWIFT_OPTIMIZATION_LEVEL = "-Onone";
			};
			name = Debug;
		};
		267386A51CF2C8D9000D53E3 /* Release */ = {
			isa = XCBuildConfiguration;
			baseConfigurationReference = 90E2BFEAFCF53D325FD4BE7F /* Pods-Mr Ride.release.xcconfig */;
			buildSettings = {
				ASSETCATALOG_COMPILER_APPICON_NAME = AppIcon;
				CLANG_ENABLE_MODULES = YES;
				INFOPLIST_FILE = "Mr Ride/Info.plist";
				LD_RUNPATH_SEARCH_PATHS = "$(inherited) @executable_path/Frameworks";
				PRODUCT_BUNDLE_IDENTIFIER = "com.appworks-school-sarahlee.Mr-Ride";
				PRODUCT_NAME = "$(TARGET_NAME)";
				SWIFT_OBJC_BRIDGING_HEADER = "Mr Ride/Mr Ride-Bridging-Header.h";
			};
			name = Release;
		};
/* End XCBuildConfiguration section */

/* Begin XCConfigurationList section */
		267386891CF2C8D9000D53E3 /* Build configuration list for PBXProject "Mr Ride" */ = {
			isa = XCConfigurationList;
			buildConfigurations = (
				267386A11CF2C8D9000D53E3 /* Debug */,
				267386A21CF2C8D9000D53E3 /* Release */,
			);
			defaultConfigurationIsVisible = 0;
			defaultConfigurationName = Release;
		};
		267386A31CF2C8D9000D53E3 /* Build configuration list for PBXNativeTarget "Mr Ride" */ = {
			isa = XCConfigurationList;
			buildConfigurations = (
				267386A41CF2C8D9000D53E3 /* Debug */,
				267386A51CF2C8D9000D53E3 /* Release */,
			);
			defaultConfigurationIsVisible = 0;
			defaultConfigurationName = Release;
		};
/* End XCConfigurationList section */

/* Begin XCVersionGroup section */
		267386981CF2C8D9000D53E3 /* Mr_Ride.xcdatamodeld */ = {
			isa = XCVersionGroup;
			children = (
				267386991CF2C8D9000D53E3 /* Mr_Ride.xcdatamodel */,
			);
			currentVersion = 267386991CF2C8D9000D53E3 /* Mr_Ride.xcdatamodel */;
			path = Mr_Ride.xcdatamodeld;
			sourceTree = "<group>";
			versionGroupType = wrapper.xcdatamodel;
		};
/* End XCVersionGroup section */
	};
	rootObject = 267386861CF2C8D9000D53E3 /* Project object */;
}
